// !$*UTF8*$!
{
	archiveVersion = 1;
	classes = {
	};
	objectVersion = 48;
	objects = {

/* Begin PBXBuildFile section */
		FCAAE8142019E3340040EB8B /* AppDelegate.m in Sources */ = {isa = PBXBuildFile; fileRef = FCAAE8132019E3340040EB8B /* AppDelegate.m */; };
		FCAAE8172019E3340040EB8B /* ViewController.m in Sources */ = {isa = PBXBuildFile; fileRef = FCAAE8162019E3340040EB8B /* ViewController.m */; };
		FCAAE81A2019E3340040EB8B /* Main.storyboard in Resources */ = {isa = PBXBuildFile; fileRef = FCAAE8182019E3340040EB8B /* Main.storyboard */; };
		FCAAE81C2019E3340040EB8B /* Assets.xcassets in Resources */ = {isa = PBXBuildFile; fileRef = FCAAE81B2019E3340040EB8B /* Assets.xcassets */; };
		FCAAE81F2019E3340040EB8B /* LaunchScreen.storyboard in Resources */ = {isa = PBXBuildFile; fileRef = FCAAE81D2019E3340040EB8B /* LaunchScreen.storyboard */; };
		FCAAE8222019E3340040EB8B /* main.m in Sources */ = {isa = PBXBuildFile; fileRef = FCAAE8212019E3340040EB8B /* main.m */; };
		FCAAE82E2019E3820040EB8B /* DVDAlertView.m in Sources */ = {isa = PBXBuildFile; fileRef = FCAAE8292019E3820040EB8B /* DVDAlertView.m */; };
		FCAAE82F2019E3820040EB8B /* UIView+DAddition.m in Sources */ = {isa = PBXBuildFile; fileRef = FCAAE82D2019E3820040EB8B /* UIView+DAddition.m */; };
		FCAAE8322019E3AD0040EB8B /* RIButtonItem.m in Sources */ = {isa = PBXBuildFile; fileRef = FCAAE8302019E3AD0040EB8B /* RIButtonItem.m */; };
/* End PBXBuildFile section */

/* Begin PBXFileReference section */
		FCAAE80F2019E3340040EB8B /* DVDAlertView.app */ = {isa = PBXFileReference; explicitFileType = wrapper.application; includeInIndex = 0; path = DVDAlertView.app; sourceTree = BUILT_PRODUCTS_DIR; };
		FCAAE8122019E3340040EB8B /* AppDelegate.h */ = {isa = PBXFileReference; lastKnownFileType = sourcecode.c.h; path = AppDelegate.h; sourceTree = "<group>"; };
		FCAAE8132019E3340040EB8B /* AppDelegate.m */ = {isa = PBXFileReference; lastKnownFileType = sourcecode.c.objc; path = AppDelegate.m; sourceTree = "<group>"; };
		FCAAE8152019E3340040EB8B /* ViewController.h */ = {isa = PBXFileReference; lastKnownFileType = sourcecode.c.h; path = ViewController.h; sourceTree = "<group>"; };
		FCAAE8162019E3340040EB8B /* ViewController.m */ = {isa = PBXFileReference; lastKnownFileType = sourcecode.c.objc; path = ViewController.m; sourceTree = "<group>"; };
		FCAAE8192019E3340040EB8B /* Base */ = {isa = PBXFileReference; lastKnownFileType = file.storyboard; name = Base; path = Base.lproj/Main.storyboard; sourceTree = "<group>"; };
		FCAAE81B2019E3340040EB8B /* Assets.xcassets */ = {isa = PBXFileReference; lastKnownFileType = folder.assetcatalog; path = Assets.xcassets; sourceTree = "<group>"; };
		FCAAE81E2019E3340040EB8B /* Base */ = {isa = PBXFileReference; lastKnownFileType = file.storyboard; name = Base; path = Base.lproj/LaunchScreen.storyboard; sourceTree = "<group>"; };
		FCAAE8202019E3340040EB8B /* Info.plist */ = {isa = PBXFileReference; lastKnownFileType = text.plist.xml; path = Info.plist; sourceTree = "<group>"; };
		FCAAE8212019E3340040EB8B /* main.m */ = {isa = PBXFileReference; lastKnownFileType = sourcecode.c.objc; path = main.m; sourceTree = "<group>"; };
		FCAAE8292019E3820040EB8B /* DVDAlertView.m */ = {isa = PBXFileReference; fileEncoding = 4; lastKnownFileType = sourcecode.c.objc; path = DVDAlertView.m; sourceTree = "<group>"; };
		FCAAE82A2019E3820040EB8B /* DVDAlertView.h */ = {isa = PBXFileReference; fileEncoding = 4; lastKnownFileType = sourcecode.c.h; path = DVDAlertView.h; sourceTree = "<group>"; };
		FCAAE82C2019E3820040EB8B /* UIView+DAddition.h */ = {isa = PBXFileReference; fileEncoding = 4; lastKnownFileType = sourcecode.c.h; path = "UIView+DAddition.h"; sourceTree = "<group>"; };
		FCAAE82D2019E3820040EB8B /* UIView+DAddition.m */ = {isa = PBXFileReference; fileEncoding = 4; lastKnownFileType = sourcecode.c.objc; path = "UIView+DAddition.m"; sourceTree = "<group>"; };
		FCAAE8302019E3AD0040EB8B /* RIButtonItem.m */ = {isa = PBXFileReference; fileEncoding = 4; lastKnownFileType = sourcecode.c.objc; path = RIButtonItem.m; sourceTree = "<group>"; };
		FCAAE8312019E3AD0040EB8B /* RIButtonItem.h */ = {isa = PBXFileReference; fileEncoding = 4; lastKnownFileType = sourcecode.c.h; path = RIButtonItem.h; sourceTree = "<group>"; };
/* End PBXFileReference section */

/* Begin PBXFrameworksBuildPhase section */
		FCAAE80C2019E3340040EB8B /* Frameworks */ = {
			isa = PBXFrameworksBuildPhase;
			buildActionMask = 2147483647;
			files = (
			);
			runOnlyForDeploymentPostprocessing = 0;
		};
/* End PBXFrameworksBuildPhase section */

/* Begin PBXGroup section */
		FCAAE8062019E3340040EB8B = {
			isa = PBXGroup;
			children = (
				FCAAE8112019E3340040EB8B /* DVDAlertView */,
				FCAAE8102019E3340040EB8B /* Products */,
			);
			sourceTree = "<group>";
		};
		FCAAE8102019E3340040EB8B /* Products */ = {
			isa = PBXGroup;
			children = (
				FCAAE80F2019E3340040EB8B /* DVDAlertView.app */,
			);
			name = Products;
			sourceTree = "<group>";
		};
		FCAAE8112019E3340040EB8B /* DVDAlertView */ = {
			isa = PBXGroup;
			children = (
				FCAAE8282019E3820040EB8B /* DVDAlertView */,
				FCAAE82B2019E3820040EB8B /* Support */,
				FCAAE8122019E3340040EB8B /* AppDelegate.h */,
				FCAAE8132019E3340040EB8B /* AppDelegate.m */,
				FCAAE8152019E3340040EB8B /* ViewController.h */,
				FCAAE8162019E3340040EB8B /* ViewController.m */,
				FCAAE8182019E3340040EB8B /* Main.storyboard */,
				FCAAE81B2019E3340040EB8B /* Assets.xcassets */,
				FCAAE81D2019E3340040EB8B /* LaunchScreen.storyboard */,
				FCAAE8202019E3340040EB8B /* Info.plist */,
				FCAAE8212019E3340040EB8B /* main.m */,
			);
			path = DVDAlertView;
			sourceTree = "<group>";
		};
		FCAAE8282019E3820040EB8B /* DVDAlertView */ = {
			isa = PBXGroup;
			children = (
				FCAAE8292019E3820040EB8B /* DVDAlertView.m */,
				FCAAE82A2019E3820040EB8B /* DVDAlertView.h */,
			);
			path = DVDAlertView;
			sourceTree = "<group>";
		};
		FCAAE82B2019E3820040EB8B /* Support */ = {
			isa = PBXGroup;
			children = (
				FCAAE8312019E3AD0040EB8B /* RIButtonItem.h */,
				FCAAE8302019E3AD0040EB8B /* RIButtonItem.m */,
				FCAAE82C2019E3820040EB8B /* UIView+DAddition.h */,
				FCAAE82D2019E3820040EB8B /* UIView+DAddition.m */,
			);
			path = Support;
			sourceTree = "<group>";
		};
/* End PBXGroup section */

/* Begin PBXNativeTarget section */
		FCAAE80E2019E3340040EB8B /* DVDAlertView */ = {
			isa = PBXNativeTarget;
			buildConfigurationList = FCAAE8252019E3340040EB8B /* Build configuration list for PBXNativeTarget "DVDAlertView" */;
			buildPhases = (
				FCAAE80B2019E3340040EB8B /* Sources */,
				FCAAE80C2019E3340040EB8B /* Frameworks */,
				FCAAE80D2019E3340040EB8B /* Resources */,
			);
			buildRules = (
			);
			dependencies = (
			);
			name = DVDAlertView;
			productName = DVDAlertView;
			productReference = FCAAE80F2019E3340040EB8B /* DVDAlertView.app */;
			productType = "com.apple.product-type.application";
		};
/* End PBXNativeTarget section */

/* Begin PBXProject section */
		FCAAE8072019E3340040EB8B /* Project object */ = {
			isa = PBXProject;
			attributes = {
				LastUpgradeCheck = 0920;
				ORGANIZATIONNAME = BraveTime;
				TargetAttributes = {
					FCAAE80E2019E3340040EB8B = {
						CreatedOnToolsVersion = 9.2;
						ProvisioningStyle = Automatic;
					};
				};
			};
			buildConfigurationList = FCAAE80A2019E3340040EB8B /* Build configuration list for PBXProject "DVDAlertView" */;
			compatibilityVersion = "Xcode 8.0";
			developmentRegion = en;
			hasScannedForEncodings = 0;
			knownRegions = (
				en,
				Base,
			);
			mainGroup = FCAAE8062019E3340040EB8B;
			productRefGroup = FCAAE8102019E3340040EB8B /* Products */;
			projectDirPath = "";
			projectRoot = "";
			targets = (
				FCAAE80E2019E3340040EB8B /* DVDAlertView */,
			);
		};
/* End PBXProject section */

/* Begin PBXResourcesBuildPhase section */
		FCAAE80D2019E3340040EB8B /* Resources */ = {
			isa = PBXResourcesBuildPhase;
			buildActionMask = 2147483647;
			files = (
				FCAAE81F2019E3340040EB8B /* LaunchScreen.storyboard in Resources */,
				FCAAE81C2019E3340040EB8B /* Assets.xcassets in Resources */,
				FCAAE81A2019E3340040EB8B /* Main.storyboard in Resources */,
			);
			runOnlyForDeploymentPostprocessing = 0;
		};
/* End PBXResourcesBuildPhase section */

/* Begin PBXSourcesBuildPhase section */
		FCAAE80B2019E3340040EB8B /* Sources */ = {
			isa = PBXSourcesBuildPhase;
			buildActionMask = 2147483647;
			files = (
				FCAAE8172019E3340040EB8B /* ViewController.m in Sources */,
				FCAAE8222019E3340040EB8B /* main.m in Sources */,
				FCAAE82E2019E3820040EB8B /* DVDAlertView.m in Sources */,
				FCAAE8322019E3AD0040EB8B /* RIButtonItem.m in Sources */,
				FCAAE82F2019E3820040EB8B /* UIView+DAddition.m in Sources */,
				FCAAE8142019E3340040EB8B /* AppDelegate.m in Sources */,
			);
			runOnlyForDeploymentPostprocessing = 0;
		};
/* End PBXSourcesBuildPhase section */

/* Begin PBXVariantGroup section */
		FCAAE8182019E3340040EB8B /* Main.storyboard */ = {
			isa = PBXVariantGroup;
			children = (
				FCAAE8192019E3340040EB8B /* Base */,
			);
			name = Main.storyboard;
			sourceTree = "<group>";
		};
		FCAAE81D2019E3340040EB8B /* LaunchScreen.storyboard */ = {
			isa = PBXVariantGroup;
			children = (
				FCAAE81E2019E3340040EB8B /* Base */,
			);
			name = LaunchScreen.storyboard;
			sourceTree = "<group>";
		};
/* End PBXVariantGroup section */

/* Begin XCBuildConfiguration section */
		FCAAE8232019E3340040EB8B /* Debug */ = {
			isa = XCBuildConfiguration;
			buildSettings = {
				ALWAYS_SEARCH_USER_PATHS = NO;
				CLANG_ANALYZER_NONNULL = YES;
				CLANG_ANALYZER_NUMBER_OBJECT_CONVERSION = YES_AGGRESSIVE;
				CLANG_CXX_LANGUAGE_STANDARD = "gnu++14";
				CLANG_CXX_LIBRARY = "libc++";
				CLANG_ENABLE_MODULES = YES;
				CLANG_ENABLE_OBJC_ARC = YES;
				CLANG_WARN_BLOCK_CAPTURE_AUTORELEASING = YES;
				CLANG_WARN_BOOL_CONVERSION = YES;
				CLANG_WARN_COMMA = YES;
				CLANG_WARN_CONSTANT_CONVERSION = YES;
				CLANG_WARN_DIRECT_OBJC_ISA_USAGE = YES_ERROR;
				CLANG_WARN_DOCUMENTATION_COMMENTS = YES;
				CLANG_WARN_EMPTY_BODY = YES;
				CLANG_WARN_ENUM_CONVERSION = YES;
				CLANG_WARN_INFINITE_RECURSION = YES;
				CLANG_WARN_INT_CONVERSION = YES;
				CLANG_WARN_NON_LITERAL_NULL_CONVERSION = YES;
				CLANG_WARN_OBJC_LITERAL_CONVERSION = YES;
				CLANG_WARN_OBJC_ROOT_CLASS = YES_ERROR;
				CLANG_WARN_RANGE_LOOP_ANALYSIS = YES;
				CLANG_WARN_STRICT_PROTOTYPES = YES;
				CLANG_WARN_SUSPICIOUS_MOVE = YES;
				CLANG_WARN_UNGUARDED_AVAILABILITY = YES_AGGRESSIVE;
				CLANG_WARN_UNREACHABLE_CODE = YES;
				CLANG_WARN__DUPLICATE_METHOD_MATCH = YES;
				CODE_SIGN_IDENTITY = "iPhone Developer";
				COPY_PHASE_STRIP = NO;
				DEBUG_INFORMATION_FORMAT = dwarf;
				ENABLE_STRICT_OBJC_MSGSEND = YES;
				ENABLE_TESTABILITY = YES;
				GCC_C_LANGUAGE_STANDARD = gnu11;
				GCC_DYNAMIC_NO_PIC = NO;
				GCC_NO_COMMON_BLOCKS = YES;
				GCC_OPTIMIZATION_LEVEL = 0;
				GCC_PREPROCESSOR_DEFINITIONS = (
					"DEBUG=1",
					"$(inherited)",
				);
				GCC_WARN_64_TO_32_BIT_CONVERSION = YES;
				GCC_WARN_ABOUT_RETURN_TYPE = YES_ERROR;
				GCC_WARN_UNDECLARED_SELECTOR = YES;
				GCC_WARN_UNINITIALIZED_AUTOS = YES_AGGRESSIVE;
				GCC_WARN_UNUSED_FUNCTION = YES;
				GCC_WARN_UNUSED_VARIABLE = YES;
				IPHONEOS_DEPLOYMENT_TARGET = 11.2;
				MTL_ENABLE_DEBUG_INFO = YES;
				ONLY_ACTIVE_ARCH = YES;
				SDKROOT = iphoneos;
			};
			name = Debug;
		};
		FCAAE8242019E3340040EB8B /* Release */ = {
			isa = XCBuildConfiguration;
			buildSettings = {
				ALWAYS_SEARCH_USER_PATHS = NO;
				CLANG_ANALYZER_NONNULL = YES;
				CLANG_ANALYZER_NUMBER_OBJECT_CONVERSION = YES_AGGRESSIVE;
				CLANG_CXX_LANGUAGE_STANDARD = "gnu++14";
				CLANG_CXX_LIBRARY = "libc++";
				CLANG_ENABLE_MODULES = YES;
				CLANG_ENABLE_OBJC_ARC = YES;
				CLANG_WARN_BLOCK_CAPTURE_AUTORELEASING = YES;
				CLANG_WARN_BOOL_CONVERSION = YES;
				CLANG_WARN_COMMA = YES;
				CLANG_WARN_CONSTANT_CONVERSION = YES;
				CLANG_WARN_DIRECT_OBJC_ISA_USAGE = YES_ERROR;
				CLANG_WARN_DOCUMENTATION_COMMENTS = YES;
				CLANG_WARN_EMPTY_BODY = YES;
				CLANG_WARN_ENUM_CONVERSION = YES;
				CLANG_WARN_INFINITE_RECURSION = YES;
				CLANG_WARN_INT_CONVERSION = YES;
				CLANG_WARN_NON_LITERAL_NULL_CONVERSION = YES;
				CLANG_WARN_OBJC_LITERAL_CONVERSION = YES;
				CLANG_WARN_OBJC_ROOT_CLASS = YES_ERROR;
				CLANG_WARN_RANGE_LOOP_ANALYSIS = YES;
				CLANG_WARN_STRICT_PROTOTYPES = YES;
				CLANG_WARN_SUSPICIOUS_MOVE = YES;
				CLANG_WARN_UNGUARDED_AVAILABILITY = YES_AGGRESSIVE;
				CLANG_WARN_UNREACHABLE_CODE = YES;
				CLANG_WARN__DUPLICATE_METHOD_MATCH = YES;
				CODE_SIGN_IDENTITY = "iPhone Developer";
				COPY_PHASE_STRIP = NO;
				DEBUG_INFORMATION_FORMAT = "dwarf-with-dsym";
				ENABLE_NS_ASSERTIONS = NO;
				ENABLE_STRICT_OBJC_MSGSEND = YES;
				GCC_C_LANGUAGE_STANDARD = gnu11;
				GCC_NO_COMMON_BLOCKS = YES;
				GCC_WARN_64_TO_32_BIT_CONVERSION = YES;
				GCC_WARN_ABOUT_RETURN_TYPE = YES_ERROR;
				GCC_WARN_UNDECLARED_SELECTOR = YES;
				GCC_WARN_UNINITIALIZED_AUTOS = YES_AGGRESSIVE;
				GCC_WARN_UNUSED_FUNCTION = YES;
				GCC_WARN_UNUSED_VARIABLE = YES;
				IPHONEOS_DEPLOYMENT_TARGET = 11.2;
				MTL_ENABLE_DEBUG_INFO = NO;
				SDKROOT = iphoneos;
				VALIDATE_PRODUCT = YES;
			};
			name = Release;
		};
		FCAAE8262019E3340040EB8B /* Debug */ = {
			isa = XCBuildConfiguration;
			buildSettings = {
				ASSETCATALOG_COMPILER_APPICON_NAME = AppIcon;
				CODE_SIGN_STYLE = Automatic;
				DEVELOPMENT_TEAM = SXXSWCEF9M;
				INFOPLIST_FILE = DVDAlertView/Info.plist;
				LD_RUNPATH_SEARCH_PATHS = "$(inherited) @executable_path/Frameworks";
				PRODUCT_BUNDLE_IDENTIFIER = com.shareDemo.DVDAlertView;
				PRODUCT_NAME = "$(TARGET_NAME)";
				TARGETED_DEVICE_FAMILY = "1,2";
			};
			name = Debug;
		};
		FCAAE8272019E3340040EB8B /* Release */ = {
			isa = XCBuildConfiguration;
			buildSettings = {
				ASSETCATALOG_COMPILER_APPICON_NAME = AppIcon;
				CODE_SIGN_STYLE = Automatic;
				DEVELOPMENT_TEAM = SXXSWCEF9M;
				INFOPLIST_FILE = DVDAlertView/Info.plist;
				LD_RUNPATH_SEARCH_PATHS = "$(inherited) @executable_path/Frameworks";
				PRODUCT_BUNDLE_IDENTIFIER = com.shareDemo.DVDAlertView;
				PRODUCT_NAME = "$(TARGET_NAME)";
				TARGETED_DEVICE_FAMILY = "1,2";
			};
			name = Release;
		};
/* End XCBuildConfiguration section */

/* Begin XCConfigurationList section */
		FCAAE80A2019E3340040EB8B /* Build configuration list for PBXProject "DVDAlertView" */ = {
			isa = XCConfigurationList;
			buildConfigurations = (
				FCAAE8232019E3340040EB8B /* Debug */,
				FCAAE8242019E3340040EB8B /* Release */,
			);
			defaultConfigurationIsVisible = 0;
			defaultConfigurationName = Release;
		};
		FCAAE8252019E3340040EB8B /* Build configuration list for PBXNativeTarget "DVDAlertView" */ = {
			isa = XCConfigurationList;
			buildConfigurations = (
				FCAAE8262019E3340040EB8B /* Debug */,
				FCAAE8272019E3340040EB8B /* Release */,
			);
			defaultConfigurationIsVisible = 0;
			defaultConfigurationName = Release;
		};
/* End XCConfigurationList section */
	};
	rootObject = FCAAE8072019E3340040EB8B /* Project object */;
}
